
Microsoft Visual Studio Solution File, Format Version 12.00
# Visual Studio Version 17
VisualStudioVersion = 17.8.34309.116
MinimumVisualStudioVersion = 10.0.40219.1
Project("{9A19103F-16F7-4668-BE54-9A1E7A4F7556}") = "CopyToGenerator", "CopyToGenerator\CopyToGenerator.csproj", "{255A7B8C-A679-4A8F-A049-EA39EC0C248F}"
EndProject
Project("{9A19103F-16F7-4668-BE54-9A1E7A4F7556}") = "TestApp", "TestApp\TestApp.csproj", "{88C7D33F-6100-46C7-8941-B97C5E769A10}"
EndProject
Project("{2150E333-8FDC-42A3-9474-1A3956D46DE8}") = "Solution Items", "Solution Items", "{518E0314-5813-462C-AD0A-48491B32707D}"
	ProjectSection(SolutionItems) = preProject
		AutoUpdateAssemblyName.txt = AutoUpdateAssemblyName.txt
		Directory.Build.props = Directory.Build.props
		global.json = global.json
	EndProjectSection
EndProject
Project("{9A19103F-16F7-4668-BE54-9A1E7A4F7556}") = "UnionsGenerator", "UnionsGenerator\UnionsGenerator.csproj", "{C143CDD6-2A5C-4D7E-89B2-76676A6FA70D}"
EndProject
Project("{2150E333-8FDC-42A3-9474-1A3956D46DE8}") = "Generators", "Generators", "{96BBB21A-F476-4234-97AF-D79F88CE0644}"
EndProject
Project("{2150E333-8FDC-42A3-9474-1A3956D46DE8}") = "Applications", "Applications", "{D2B8AC38-3B81-453F-A253-6D410D860D6C}"
EndProject
Project("{9A19103F-16F7-4668-BE54-9A1E7A4F7556}") = "UtilityGenerators.Library", "UtilityGenerators.Library\UtilityGenerators.Library.csproj", "{0FE8B978-F749-49FF-9344-5260355B4856}"
EndProject
Project("{9A19103F-16F7-4668-BE54-9A1E7A4F7556}") = "UtilityGenerators.Library.Tests", "UtilityGenerators.Library.Tests\UtilityGenerators.Library.Tests.csproj", "{EF0ED556-84B0-4992-B822-60F2E53162EA}"
EndProject
Project("{9A19103F-16F7-4668-BE54-9A1E7A4F7556}") = "UtilityGenerators", "UtilityGenerators\UtilityGenerators.csproj", "{D0545B95-3C8C-4E5F-B1ED-8AF3372BEDA3}"
EndProject
Project("{9A19103F-16F7-4668-BE54-9A1E7A4F7556}") = "UtilityGenerators.Library.Generator", "UtilityGenerators.Library.Generator\UtilityGenerators.Library.Generator.csproj", "{DE9D3FF6-3440-493F-94AE-EDABC4C928C3}"
EndProject
Project("{9A19103F-16F7-4668-BE54-9A1E7A4F7556}") = "UnionsGenerator.Abstractions", "UnionsGenerator.Abstractions\UnionsGenerator.Abstractions.csproj", "{A822EF03-9DB2-465C-9CA7-9A13A923E6CF}"
EndProject
Project("{9A19103F-16F7-4668-BE54-9A1E7A4F7556}") = "DslGenerator", "DslGenerator\DslGenerator.csproj", "{EC3134B3-F85E-4331-93B2-ABE5829FFF8A}"
EndProject
Project("{9A19103F-16F7-4668-BE54-9A1E7A4F7556}") = "DslGenerator.TestApp", "DslGenerator.TestApp\DslGenerator.TestApp.csproj", "{1F8A9A65-94CB-482E-B051-D89307A6A042}"
EndProject
Project("{9A19103F-16F7-4668-BE54-9A1E7A4F7556}") = "DslGenerator.Tests", "DslGenerator.Tests\DslGenerator.Tests.csproj", "{964E486B-07D7-4771-9330-3BB3D662A8C1}"
EndProject
Project("{9A19103F-16F7-4668-BE54-9A1E7A4F7556}") = "IndentedStringBuilderTestApp", "IndentedStringBuilderTestApp\IndentedStringBuilderTestApp.csproj", "{08AEFD73-58E0-4EF7-A429-BE9939844D97}"
EndProject
Project("{9A19103F-16F7-4668-BE54-9A1E7A4F7556}") = "UtilityGenerators.Library.Text.Tests", "UtilityGenerators.Library.Text.Tests\UtilityGenerators.Library.Text.Tests.csproj", "{0C12FA68-3220-498A-B683-61B66DAC0868}"
EndProject
Project("{9A19103F-16F7-4668-BE54-9A1E7A4F7556}") = "DocReflect.Library", "DocReflect.Library\DocReflect.Library.csproj", "{DB95ECDD-21ED-4180-B8C1-E76BE816D55B}"
EndProject
Project("{9A19103F-16F7-4668-BE54-9A1E7A4F7556}") = "DocReflect", "DocReflect\DocReflect.csproj", "{0D39FED5-B843-454D-9CFD-EEC5CB26FC1C}"
EndProject
Project("{9A19103F-16F7-4668-BE54-9A1E7A4F7556}") = "Project1", "Project1\Project1.csproj", "{A12BC4A0-DCB8-4FCB-8BFA-ACD0DCD4B568}"
EndProject
Project("{9A19103F-16F7-4668-BE54-9A1E7A4F7556}") = "UnionsGenerator.Tests", "UnionsGenerator.Tests\UnionsGenerator.Tests.csproj", "{9743772D-6AEE-4775-AEAA-C4E58DDCE0E9}"
EndProject
Project("{9A19103F-16F7-4668-BE54-9A1E7A4F7556}") = "UnionsGenerator.EndToEnd.Tests", "UnionsGenerator.EndToEnd.Tests\UnionsGenerator.EndToEnd.Tests.csproj", "{374C6DDC-DDA9-450F-A449-AA7FC3985C2F}"
EndProject
Project("{9A19103F-16F7-4668-BE54-9A1E7A4F7556}") = "UnionsGenerator.Tests.Compilation", "UnionsGenerator.Tests.Compilation\UnionsGenerator.Tests.Compilation.csproj", "{2E828C18-66B9-4BC6-9D9B-261A54E15986}"
EndProject
Global
	GlobalSection(SolutionConfigurationPlatforms) = preSolution
		Debug|Any CPU = Debug|Any CPU
		Release|Any CPU = Release|Any CPU
	EndGlobalSection
	GlobalSection(ProjectConfigurationPlatforms) = postSolution
		{255A7B8C-A679-4A8F-A049-EA39EC0C248F}.Debug|Any CPU.ActiveCfg = Debug|Any CPU
		{255A7B8C-A679-4A8F-A049-EA39EC0C248F}.Debug|Any CPU.Build.0 = Debug|Any CPU
		{255A7B8C-A679-4A8F-A049-EA39EC0C248F}.Release|Any CPU.ActiveCfg = Release|Any CPU
		{255A7B8C-A679-4A8F-A049-EA39EC0C248F}.Release|Any CPU.Build.0 = Release|Any CPU
		{88C7D33F-6100-46C7-8941-B97C5E769A10}.Debug|Any CPU.ActiveCfg = Debug|Any CPU
		{88C7D33F-6100-46C7-8941-B97C5E769A10}.Debug|Any CPU.Build.0 = Debug|Any CPU
		{88C7D33F-6100-46C7-8941-B97C5E769A10}.Release|Any CPU.ActiveCfg = Release|Any CPU
		{88C7D33F-6100-46C7-8941-B97C5E769A10}.Release|Any CPU.Build.0 = Release|Any CPU
		{C143CDD6-2A5C-4D7E-89B2-76676A6FA70D}.Debug|Any CPU.ActiveCfg = Debug|Any CPU
		{C143CDD6-2A5C-4D7E-89B2-76676A6FA70D}.Debug|Any CPU.Build.0 = Debug|Any CPU
		{C143CDD6-2A5C-4D7E-89B2-76676A6FA70D}.Release|Any CPU.ActiveCfg = Release|Any CPU
		{C143CDD6-2A5C-4D7E-89B2-76676A6FA70D}.Release|Any CPU.Build.0 = Release|Any CPU
		{0FE8B978-F749-49FF-9344-5260355B4856}.Debug|Any CPU.ActiveCfg = Debug|Any CPU
		{0FE8B978-F749-49FF-9344-5260355B4856}.Debug|Any CPU.Build.0 = Debug|Any CPU
		{0FE8B978-F749-49FF-9344-5260355B4856}.Release|Any CPU.ActiveCfg = Release|Any CPU
		{0FE8B978-F749-49FF-9344-5260355B4856}.Release|Any CPU.Build.0 = Release|Any CPU
		{EF0ED556-84B0-4992-B822-60F2E53162EA}.Debug|Any CPU.ActiveCfg = Debug|Any CPU
		{EF0ED556-84B0-4992-B822-60F2E53162EA}.Debug|Any CPU.Build.0 = Debug|Any CPU
		{EF0ED556-84B0-4992-B822-60F2E53162EA}.Release|Any CPU.ActiveCfg = Release|Any CPU
		{EF0ED556-84B0-4992-B822-60F2E53162EA}.Release|Any CPU.Build.0 = Release|Any CPU
		{D0545B95-3C8C-4E5F-B1ED-8AF3372BEDA3}.Debug|Any CPU.ActiveCfg = Debug|Any CPU
		{D0545B95-3C8C-4E5F-B1ED-8AF3372BEDA3}.Debug|Any CPU.Build.0 = Debug|Any CPU
		{D0545B95-3C8C-4E5F-B1ED-8AF3372BEDA3}.Release|Any CPU.ActiveCfg = Release|Any CPU
		{D0545B95-3C8C-4E5F-B1ED-8AF3372BEDA3}.Release|Any CPU.Build.0 = Release|Any CPU
		{DE9D3FF6-3440-493F-94AE-EDABC4C928C3}.Debug|Any CPU.ActiveCfg = Debug|Any CPU
		{DE9D3FF6-3440-493F-94AE-EDABC4C928C3}.Debug|Any CPU.Build.0 = Debug|Any CPU
		{DE9D3FF6-3440-493F-94AE-EDABC4C928C3}.Release|Any CPU.ActiveCfg = Release|Any CPU
		{DE9D3FF6-3440-493F-94AE-EDABC4C928C3}.Release|Any CPU.Build.0 = Release|Any CPU
		{A822EF03-9DB2-465C-9CA7-9A13A923E6CF}.Debug|Any CPU.ActiveCfg = Debug|Any CPU
		{A822EF03-9DB2-465C-9CA7-9A13A923E6CF}.Debug|Any CPU.Build.0 = Debug|Any CPU
		{A822EF03-9DB2-465C-9CA7-9A13A923E6CF}.Release|Any CPU.ActiveCfg = Release|Any CPU
		{A822EF03-9DB2-465C-9CA7-9A13A923E6CF}.Release|Any CPU.Build.0 = Release|Any CPU
		{EC3134B3-F85E-4331-93B2-ABE5829FFF8A}.Debug|Any CPU.ActiveCfg = Debug|Any CPU
		{EC3134B3-F85E-4331-93B2-ABE5829FFF8A}.Debug|Any CPU.Build.0 = Debug|Any CPU
		{EC3134B3-F85E-4331-93B2-ABE5829FFF8A}.Release|Any CPU.ActiveCfg = Release|Any CPU
		{EC3134B3-F85E-4331-93B2-ABE5829FFF8A}.Release|Any CPU.Build.0 = Release|Any CPU
		{1F8A9A65-94CB-482E-B051-D89307A6A042}.Debug|Any CPU.ActiveCfg = Debug|Any CPU
		{1F8A9A65-94CB-482E-B051-D89307A6A042}.Debug|Any CPU.Build.0 = Debug|Any CPU
		{1F8A9A65-94CB-482E-B051-D89307A6A042}.Release|Any CPU.ActiveCfg = Release|Any CPU
		{1F8A9A65-94CB-482E-B051-D89307A6A042}.Release|Any CPU.Build.0 = Release|Any CPU
		{964E486B-07D7-4771-9330-3BB3D662A8C1}.Debug|Any CPU.ActiveCfg = Debug|Any CPU
		{964E486B-07D7-4771-9330-3BB3D662A8C1}.Debug|Any CPU.Build.0 = Debug|Any CPU
		{964E486B-07D7-4771-9330-3BB3D662A8C1}.Release|Any CPU.ActiveCfg = Release|Any CPU
		{964E486B-07D7-4771-9330-3BB3D662A8C1}.Release|Any CPU.Build.0 = Release|Any CPU
		{08AEFD73-58E0-4EF7-A429-BE9939844D97}.Debug|Any CPU.ActiveCfg = Debug|Any CPU
		{08AEFD73-58E0-4EF7-A429-BE9939844D97}.Debug|Any CPU.Build.0 = Debug|Any CPU
		{08AEFD73-58E0-4EF7-A429-BE9939844D97}.Release|Any CPU.ActiveCfg = Release|Any CPU
		{08AEFD73-58E0-4EF7-A429-BE9939844D97}.Release|Any CPU.Build.0 = Release|Any CPU
		{0C12FA68-3220-498A-B683-61B66DAC0868}.Debug|Any CPU.ActiveCfg = Debug|Any CPU
		{0C12FA68-3220-498A-B683-61B66DAC0868}.Debug|Any CPU.Build.0 = Debug|Any CPU
		{0C12FA68-3220-498A-B683-61B66DAC0868}.Release|Any CPU.ActiveCfg = Release|Any CPU
		{0C12FA68-3220-498A-B683-61B66DAC0868}.Release|Any CPU.Build.0 = Release|Any CPU
		{DB95ECDD-21ED-4180-B8C1-E76BE816D55B}.Debug|Any CPU.ActiveCfg = Debug|Any CPU
		{DB95ECDD-21ED-4180-B8C1-E76BE816D55B}.Debug|Any CPU.Build.0 = Debug|Any CPU
		{DB95ECDD-21ED-4180-B8C1-E76BE816D55B}.Release|Any CPU.ActiveCfg = Release|Any CPU
		{DB95ECDD-21ED-4180-B8C1-E76BE816D55B}.Release|Any CPU.Build.0 = Release|Any CPU
		{0D39FED5-B843-454D-9CFD-EEC5CB26FC1C}.Debug|Any CPU.ActiveCfg = Debug|Any CPU
		{0D39FED5-B843-454D-9CFD-EEC5CB26FC1C}.Debug|Any CPU.Build.0 = Debug|Any CPU
		{0D39FED5-B843-454D-9CFD-EEC5CB26FC1C}.Release|Any CPU.ActiveCfg = Release|Any CPU
		{0D39FED5-B843-454D-9CFD-EEC5CB26FC1C}.Release|Any CPU.Build.0 = Release|Any CPU
		{A12BC4A0-DCB8-4FCB-8BFA-ACD0DCD4B568}.Debug|Any CPU.ActiveCfg = Debug|Any CPU
		{A12BC4A0-DCB8-4FCB-8BFA-ACD0DCD4B568}.Debug|Any CPU.Build.0 = Debug|Any CPU
		{A12BC4A0-DCB8-4FCB-8BFA-ACD0DCD4B568}.Release|Any CPU.ActiveCfg = Release|Any CPU
		{A12BC4A0-DCB8-4FCB-8BFA-ACD0DCD4B568}.Release|Any CPU.Build.0 = Release|Any CPU
		{9743772D-6AEE-4775-AEAA-C4E58DDCE0E9}.Debug|Any CPU.ActiveCfg = Debug|Any CPU
		{9743772D-6AEE-4775-AEAA-C4E58DDCE0E9}.Debug|Any CPU.Build.0 = Debug|Any CPU
		{9743772D-6AEE-4775-AEAA-C4E58DDCE0E9}.Release|Any CPU.ActiveCfg = Release|Any CPU
		{9743772D-6AEE-4775-AEAA-C4E58DDCE0E9}.Release|Any CPU.Build.0 = Release|Any CPU
		{374C6DDC-DDA9-450F-A449-AA7FC3985C2F}.Debug|Any CPU.ActiveCfg = Debug|Any CPU
		{374C6DDC-DDA9-450F-A449-AA7FC3985C2F}.Debug|Any CPU.Build.0 = Debug|Any CPU
		{374C6DDC-DDA9-450F-A449-AA7FC3985C2F}.Release|Any CPU.ActiveCfg = Release|Any CPU
		{374C6DDC-DDA9-450F-A449-AA7FC3985C2F}.Release|Any CPU.Build.0 = Release|Any CPU
		{2E828C18-66B9-4BC6-9D9B-261A54E15986}.Debug|Any CPU.ActiveCfg = Debug|Any CPU
		{2E828C18-66B9-4BC6-9D9B-261A54E15986}.Debug|Any CPU.Build.0 = Debug|Any CPU
		{2E828C18-66B9-4BC6-9D9B-261A54E15986}.Release|Any CPU.ActiveCfg = Release|Any CPU
		{2E828C18-66B9-4BC6-9D9B-261A54E15986}.Release|Any CPU.Build.0 = Release|Any CPU
	EndGlobalSection
	GlobalSection(SolutionProperties) = preSolution
		HideSolutionNode = FALSE
	EndGlobalSection
	GlobalSection(NestedProjects) = preSolution
		{255A7B8C-A679-4A8F-A049-EA39EC0C248F} = {96BBB21A-F476-4234-97AF-D79F88CE0644}
		{88C7D33F-6100-46C7-8941-B97C5E769A10} = {D2B8AC38-3B81-453F-A253-6D410D860D6C}
		{C143CDD6-2A5C-4D7E-89B2-76676A6FA70D} = {96BBB21A-F476-4234-97AF-D79F88CE0644}
		{0FE8B978-F749-49FF-9344-5260355B4856} = {96BBB21A-F476-4234-97AF-D79F88CE0644}
		{EF0ED556-84B0-4992-B822-60F2E53162EA} = {96BBB21A-F476-4234-97AF-D79F88CE0644}
		{D0545B95-3C8C-4E5F-B1ED-8AF3372BEDA3} = {96BBB21A-F476-4234-97AF-D79F88CE0644}
		{DE9D3FF6-3440-493F-94AE-EDABC4C928C3} = {96BBB21A-F476-4234-97AF-D79F88CE0644}
		{A822EF03-9DB2-465C-9CA7-9A13A923E6CF} = {96BBB21A-F476-4234-97AF-D79F88CE0644}
		{EC3134B3-F85E-4331-93B2-ABE5829FFF8A} = {96BBB21A-F476-4234-97AF-D79F88CE0644}
		{1F8A9A65-94CB-482E-B051-D89307A6A042} = {D2B8AC38-3B81-453F-A253-6D410D860D6C}
		{964E486B-07D7-4771-9330-3BB3D662A8C1} = {96BBB21A-F476-4234-97AF-D79F88CE0644}
		{08AEFD73-58E0-4EF7-A429-BE9939844D97} = {D2B8AC38-3B81-453F-A253-6D410D860D6C}
		{0C12FA68-3220-498A-B683-61B66DAC0868} = {96BBB21A-F476-4234-97AF-D79F88CE0644}
		{DB95ECDD-21ED-4180-B8C1-E76BE816D55B} = {96BBB21A-F476-4234-97AF-D79F88CE0644}
		{0D39FED5-B843-454D-9CFD-EEC5CB26FC1C} = {96BBB21A-F476-4234-97AF-D79F88CE0644}
		{A12BC4A0-DCB8-4FCB-8BFA-ACD0DCD4B568} = {D2B8AC38-3B81-453F-A253-6D410D860D6C}
		{9743772D-6AEE-4775-AEAA-C4E58DDCE0E9} = {96BBB21A-F476-4234-97AF-D79F88CE0644}
		{374C6DDC-DDA9-450F-A449-AA7FC3985C2F} = {96BBB21A-F476-4234-97AF-D79F88CE0644}
		{2E828C18-66B9-4BC6-9D9B-261A54E15986} = {96BBB21A-F476-4234-97AF-D79F88CE0644}
	EndGlobalSection
	GlobalSection(ExtensibilityGlobals) = postSolution
		SolutionGuid = {8A219ED5-5120-4C5F-8EB4-FFF44FFCE2CF}
	EndGlobalSection
EndGlobal
